
Microsoft Visual Studio Solution File, Format Version 12.00
# Visual Studio Version 17
VisualStudioVersion = 17.10.34928.147
MinimumVisualStudioVersion = 10.0.40219.1
Project("{9A19103F-16F7-4668-BE54-9A1E7A4F7556}") = "Domain", "Domain\Domain.csproj", "{29F2AB08-EF6F-4DD7-9A12-C83EA9835DAD}"
EndProject
Project("{9A19103F-16F7-4668-BE54-9A1E7A4F7556}") = "Application", "Application\Application.csproj", "{DC81B6E3-97FA-403D-AD80-5D12E0C6B451}"
EndProject
Project("{9A19103F-16F7-4668-BE54-9A1E7A4F7556}") = "Infrastructure", "Infrastructure\Infrastructure.csproj", "{DB83E192-27BD-4508-8082-F9ACA016ADB7}"
EndProject
Project("{9A19103F-16F7-4668-BE54-9A1E7A4F7556}") = "Web", "Web\Web.csproj", "{A898078B-E061-4E0F-996C-9340E0EFD9D7}"
EndProject
Project("{E53339B2-1760-4266-BCC7-CA923CBCF16C}") = "docker-compose", "docker-compose.dcproj", "{95E3AB09-68CA-435A-B65A-78C8E2CC0283}"
EndProject
Project("{FAE04EC0-301F-11D3-BF4B-00C04F79EFBC}") = "WebApi", "WebApi\WebApi.csproj", "{B4C65C64-FC90-42E4-BAA4-9723134B29D0}"
EndProject
Global
	GlobalSection(SolutionConfigurationPlatforms) = preSolution
		Debug|Any CPU = Debug|Any CPU
		Release|Any CPU = Release|Any CPU
	EndGlobalSection
	GlobalSection(ProjectConfigurationPlatforms) = postSolution
		{29F2AB08-EF6F-4DD7-9A12-C83EA9835DAD}.Debug|Any CPU.ActiveCfg = Debug|Any CPU
		{29F2AB08-EF6F-4DD7-9A12-C83EA9835DAD}.Debug|Any CPU.Build.0 = Debug|Any CPU
		{29F2AB08-EF6F-4DD7-9A12-C83EA9835DAD}.Release|Any CPU.ActiveCfg = Release|Any CPU
		{29F2AB08-EF6F-4DD7-9A12-C83EA9835DAD}.Release|Any CPU.Build.0 = Release|Any CPU
		{DC81B6E3-97FA-403D-AD80-5D12E0C6B451}.Debug|Any CPU.ActiveCfg = Debug|Any CPU
		{DC81B6E3-97FA-403D-AD80-5D12E0C6B451}.Debug|Any CPU.Build.0 = Debug|Any CPU
		{DC81B6E3-97FA-403D-AD80-5D12E0C6B451}.Release|Any CPU.ActiveCfg = Release|Any CPU
		{DC81B6E3-97FA-403D-AD80-5D12E0C6B451}.Release|Any CPU.Build.0 = Release|Any CPU
		{DB83E192-27BD-4508-8082-F9ACA016ADB7}.Debug|Any CPU.ActiveCfg = Debug|Any CPU
		{DB83E192-27BD-4508-8082-F9ACA016ADB7}.Debug|Any CPU.Build.0 = Debug|Any CPU
		{DB83E192-27BD-4508-8082-F9ACA016ADB7}.Release|Any CPU.ActiveCfg = Release|Any CPU
		{DB83E192-27BD-4508-8082-F9ACA016ADB7}.Release|Any CPU.Build.0 = Release|Any CPU
		{A898078B-E061-4E0F-996C-9340E0EFD9D7}.Debug|Any CPU.ActiveCfg = Debug|Any CPU
		{A898078B-E061-4E0F-996C-9340E0EFD9D7}.Debug|Any CPU.Build.0 = Debug|Any CPU
		{A898078B-E061-4E0F-996C-9340E0EFD9D7}.Release|Any CPU.ActiveCfg = Release|Any CPU
		{A898078B-E061-4E0F-996C-9340E0EFD9D7}.Release|Any CPU.Build.0 = Release|Any CPU
		{95E3AB09-68CA-435A-B65A-78C8E2CC0283}.Debug|Any CPU.ActiveCfg = Debug|Any CPU
		{95E3AB09-68CA-435A-B65A-78C8E2CC0283}.Debug|Any CPU.Build.0 = Debug|Any CPU
		{95E3AB09-68CA-435A-B65A-78C8E2CC0283}.Release|Any CPU.ActiveCfg = Release|Any CPU
		{95E3AB09-68CA-435A-B65A-78C8E2CC0283}.Release|Any CPU.Build.0 = Release|Any CPU
		{B4C65C64-FC90-42E4-BAA4-9723134B29D0}.Debug|Any CPU.ActiveCfg = Debug|Any CPU
		{B4C65C64-FC90-42E4-BAA4-9723134B29D0}.Debug|Any CPU.Build.0 = Debug|Any CPU
		{B4C65C64-FC90-42E4-BAA4-9723134B29D0}.Release|Any CPU.ActiveCfg = Release|Any CPU
		{B4C65C64-FC90-42E4-BAA4-9723134B29D0}.Release|Any CPU.Build.0 = Release|Any CPU
	EndGlobalSection
	GlobalSection(SolutionProperties) = preSolution
		HideSolutionNode = FALSE
	EndGlobalSection
	GlobalSection(ExtensibilityGlobals) = postSolution
		SolutionGuid = {59EB5660-4BE6-45CF-9BFE-A91EB840ADBF}
	EndGlobalSection
EndGlobal
